
Microsoft Visual Studio Solution File, Format Version 12.00
# Visual Studio Version 17
VisualStudioVersion = 17.14.36202.13 d17.14
MinimumVisualStudioVersion = 10.0.40219.1
Project("{FAE04EC0-301F-11D3-BF4B-00C04F79EFBC}") = "PlanetEvaluateApi", "PlanetEvaluateApi.csproj", "{2543E669-D736-4802-8D0B-2BB35DE1F8CA}"
EndProject
Global
	GlobalSection(SolutionConfigurationPlatforms) = preSolution
		Debug|Any CPU = Debug|Any CPU
		Release|Any CPU = Release|Any CPU
	EndGlobalSection
	GlobalSection(ProjectConfigurationPlatforms) = postSolution
		{2543E669-D736-4802-8D0B-2BB35DE1F8CA}.Debug|Any CPU.ActiveCfg = Debug|Any CPU
		{2543E669-D736-4802-8D0B-2BB35DE1F8CA}.Debug|Any CPU.Build.0 = Debug|Any CPU
		{2543E669-D736-4802-8D0B-2BB35DE1F8CA}.Release|Any CPU.ActiveCfg = Release|Any CPU
		{2543E669-D736-4802-8D0B-2BB35DE1F8CA}.Release|Any CPU.Build.0 = Release|Any CPU
	EndGlobalSection
	GlobalSection(SolutionProperties) = preSolution
		HideSolutionNode = FALSE
	EndGlobalSection
	GlobalSection(ExtensibilityGlobals) = postSolution
		SolutionGuid = {1456ACFD-B544-4816-8DE1-006A12775EDB}
	EndGlobalSection
EndGlobal
